
Microsoft Visual Studio Solution File, Format Version 12.00
# Visual Studio Version 17
VisualStudioVersion = 17.3.32901.215
MinimumVisualStudioVersion = 10.0.40219.1
Project("{FAE04EC0-301F-11D3-BF4B-00C04F79EFBC}") = "BuisnessLogic", "ClassLibrary1\BuisnessLogic.csproj", "{2410F908-1C7A-4447-84F9-46128B63029E}"
EndProject
Project("{FAE04EC0-301F-11D3-BF4B-00C04F79EFBC}") = "DB", "DB\DB.csproj", "{428DA84C-E798-4C8B-AFD7-C3CA17F95F21}"
EndProject
Project("{FAE04EC0-301F-11D3-BF4B-00C04F79EFBC}") = "Program", "Program\Program.csproj", "{AA18BFCC-B447-4EE4-AB2D-2FBAAE81B0C4}"
EndProject
Project("{FAE04EC0-301F-11D3-BF4B-00C04F79EFBC}") = "ConsoleMenu", "ConsoleMenu\ConsoleMenu.csproj", "{C74CE401-78A7-4DD5-8BDC-52218E36750A}"
EndProject
Global
	GlobalSection(SolutionConfigurationPlatforms) = preSolution
		Debug|Any CPU = Debug|Any CPU
		Release|Any CPU = Release|Any CPU
	EndGlobalSection
	GlobalSection(ProjectConfigurationPlatforms) = postSolution
		{2410F908-1C7A-4447-84F9-46128B63029E}.Debug|Any CPU.ActiveCfg = Debug|Any CPU
		{2410F908-1C7A-4447-84F9-46128B63029E}.Debug|Any CPU.Build.0 = Debug|Any CPU
		{2410F908-1C7A-4447-84F9-46128B63029E}.Release|Any CPU.ActiveCfg = Release|Any CPU
		{2410F908-1C7A-4447-84F9-46128B63029E}.Release|Any CPU.Build.0 = Release|Any CPU
		{428DA84C-E798-4C8B-AFD7-C3CA17F95F21}.Debug|Any CPU.ActiveCfg = Debug|Any CPU
		{428DA84C-E798-4C8B-AFD7-C3CA17F95F21}.Debug|Any CPU.Build.0 = Debug|Any CPU
		{428DA84C-E798-4C8B-AFD7-C3CA17F95F21}.Release|Any CPU.ActiveCfg = Release|Any CPU
		{428DA84C-E798-4C8B-AFD7-C3CA17F95F21}.Release|Any CPU.Build.0 = Release|Any CPU
		{AA18BFCC-B447-4EE4-AB2D-2FBAAE81B0C4}.Debug|Any CPU.ActiveCfg = Debug|Any CPU
		{AA18BFCC-B447-4EE4-AB2D-2FBAAE81B0C4}.Debug|Any CPU.Build.0 = Debug|Any CPU
		{AA18BFCC-B447-4EE4-AB2D-2FBAAE81B0C4}.Release|Any CPU.ActiveCfg = Release|Any CPU
		{AA18BFCC-B447-4EE4-AB2D-2FBAAE81B0C4}.Release|Any CPU.Build.0 = Release|Any CPU
		{C74CE401-78A7-4DD5-8BDC-52218E36750A}.Debug|Any CPU.ActiveCfg = Debug|Any CPU
		{C74CE401-78A7-4DD5-8BDC-52218E36750A}.Debug|Any CPU.Build.0 = Debug|Any CPU
		{C74CE401-78A7-4DD5-8BDC-52218E36750A}.Release|Any CPU.ActiveCfg = Release|Any CPU
		{C74CE401-78A7-4DD5-8BDC-52218E36750A}.Release|Any CPU.Build.0 = Release|Any CPU
	EndGlobalSection
	GlobalSection(SolutionProperties) = preSolution
		HideSolutionNode = FALSE
	EndGlobalSection
	GlobalSection(ExtensibilityGlobals) = postSolution
		SolutionGuid = {CCFBD4AE-8B83-41BC-A5A8-FCD7CF6F329F}
	EndGlobalSection
EndGlobal
